
Microsoft Visual Studio Solution File, Format Version 12.00
# Visual Studio Version 16
VisualStudioVersion = 16.0.31205.134
MinimumVisualStudioVersion = 10.0.40219.1
Project("{FAE04EC0-301F-11D3-BF4B-00C04F79EFBC}") = "BinaryTreeSearch", "BinaryTreeSearch\BinaryTreeSearch.csproj", "{D7E0FCB3-AEBC-4C63-947B-B22B10354F58}"
EndProject
Global
	GlobalSection(SolutionConfigurationPlatforms) = preSolution
		Debug|Any CPU = Debug|Any CPU
		Release|Any CPU = Release|Any CPU
	EndGlobalSection
	GlobalSection(ProjectConfigurationPlatforms) = postSolution
		{D7E0FCB3-AEBC-4C63-947B-B22B10354F58}.Debug|Any CPU.ActiveCfg = Debug|Any CPU
		{D7E0FCB3-AEBC-4C63-947B-B22B10354F58}.Debug|Any CPU.Build.0 = Debug|Any CPU
		{D7E0FCB3-AEBC-4C63-947B-B22B10354F58}.Release|Any CPU.ActiveCfg = Release|Any CPU
		{D7E0FCB3-AEBC-4C63-947B-B22B10354F58}.Release|Any CPU.Build.0 = Release|Any CPU
	EndGlobalSection
	GlobalSection(SolutionProperties) = preSolution
		HideSolutionNode = FALSE
	EndGlobalSection
	GlobalSection(ExtensibilityGlobals) = postSolution
		SolutionGuid = {AA4F344C-77C6-4845-99CC-FB3E1347359F}
	EndGlobalSection
EndGlobal
